
Microsoft Visual Studio Solution File, Format Version 12.00
# Visual Studio 2012
Project("{FAE04EC0-301F-11D3-BF4B-00C04F79EFBC}") = "nrf-Burner", "nrf-Burner\nrf-Burner.csproj", "{783F979A-9B7D-43E6-B3F2-64CEDE68C943}"
EndProject
Global
	GlobalSection(SolutionConfigurationPlatforms) = preSolution
		Debug|x86 = Debug|x86
		Release|x86 = Release|x86
	EndGlobalSection
	GlobalSection(ProjectConfigurationPlatforms) = postSolution
		{783F979A-9B7D-43E6-B3F2-64CEDE68C943}.Debug|x86.ActiveCfg = Debug|x86
		{783F979A-9B7D-43E6-B3F2-64CEDE68C943}.Debug|x86.Build.0 = Debug|x86
		{783F979A-9B7D-43E6-B3F2-64CEDE68C943}.Release|x86.ActiveCfg = Release|x86
		{783F979A-9B7D-43E6-B3F2-64CEDE68C943}.Release|x86.Build.0 = Release|x86
	EndGlobalSection
EndGlobal
